dependencies:
- name: rabbitmq
  repository: https://charts.bitnami.com/bitnami
  version: 12.1.0
- name: keda
  repository: https://kedacore.github.io/charts
  version: 2.10.0
- name: prometheus
  repository: https://prometheus-community.github.io/helm-charts
  version: 26.0.0
digest: sha256:77e1dff708f7ed8a7241bc8227fbe97de3b380d9b620893c5fcc760ccf5a8412
generated: "2024-12-05T20:19:11.472184+05:30"
